
Microsoft Visual Studio Solution File, Format Version 12.00
# Visual Studio Version 16
VisualStudioVersion = 16.0.30717.126
MinimumVisualStudioVersion = 10.0.40219.1
Project("{9A19103F-16F7-4668-BE54-9A1E7A4F7556}") = "Core", "Application\Core.csproj", "{8D826052-4B21-4A9F-9F2C-2A9EE8F02762}"
EndProject
Project("{9A19103F-16F7-4668-BE54-9A1E7A4F7556}") = "Domain", "Domain\Domain.csproj", "{3B53D0A8-90ED-40A9-8129-66C4CE60AFFB}"
EndProject
Project("{9A19103F-16F7-4668-BE54-9A1E7A4F7556}") = "Infrastructure", "Infrastructure\Infrastructure.csproj", "{61A6D862-8542-4FA6-8451-D5AD3BD5FA1A}"
EndProject
Project("{9A19103F-16F7-4668-BE54-9A1E7A4F7556}") = "Web", "Web\Web.csproj", "{E1C969DA-940C-426B-A4CA-3710EB8F0FCB}"
EndProject
Project("{2150E333-8FDC-42A3-9474-1A3956D46DE8}") = "Tests", "Tests", "{FB506D93-FDFC-4AD9-ACD5-183151A09A72}"
EndProject
Project("{FAE04EC0-301F-11D3-BF4B-00C04F79EFBC}") = "Integration", "Tests\Integration\Integration.csproj", "{0159E5B8-4C0B-4DBB-8E83-98B47F850A83}"
EndProject
Global
	GlobalSection(SolutionConfigurationPlatforms) = preSolution
		Debug|Any CPU = Debug|Any CPU
		Release|Any CPU = Release|Any CPU
	EndGlobalSection
	GlobalSection(ProjectConfigurationPlatforms) = postSolution
		{8D826052-4B21-4A9F-9F2C-2A9EE8F02762}.Debug|Any CPU.ActiveCfg = Debug|Any CPU
		{8D826052-4B21-4A9F-9F2C-2A9EE8F02762}.Debug|Any CPU.Build.0 = Debug|Any CPU
		{8D826052-4B21-4A9F-9F2C-2A9EE8F02762}.Release|Any CPU.ActiveCfg = Release|Any CPU
		{8D826052-4B21-4A9F-9F2C-2A9EE8F02762}.Release|Any CPU.Build.0 = Release|Any CPU
		{3B53D0A8-90ED-40A9-8129-66C4CE60AFFB}.Debug|Any CPU.ActiveCfg = Debug|Any CPU
		{3B53D0A8-90ED-40A9-8129-66C4CE60AFFB}.Debug|Any CPU.Build.0 = Debug|Any CPU
		{3B53D0A8-90ED-40A9-8129-66C4CE60AFFB}.Release|Any CPU.ActiveCfg = Release|Any CPU
		{3B53D0A8-90ED-40A9-8129-66C4CE60AFFB}.Release|Any CPU.Build.0 = Release|Any CPU
		{61A6D862-8542-4FA6-8451-D5AD3BD5FA1A}.Debug|Any CPU.ActiveCfg = Debug|Any CPU
		{61A6D862-8542-4FA6-8451-D5AD3BD5FA1A}.Debug|Any CPU.Build.0 = Debug|Any CPU
		{61A6D862-8542-4FA6-8451-D5AD3BD5FA1A}.Release|Any CPU.ActiveCfg = Release|Any CPU
		{61A6D862-8542-4FA6-8451-D5AD3BD5FA1A}.Release|Any CPU.Build.0 = Release|Any CPU
		{E1C969DA-940C-426B-A4CA-3710EB8F0FCB}.Debug|Any CPU.ActiveCfg = Debug|Any CPU
		{E1C969DA-940C-426B-A4CA-3710EB8F0FCB}.Debug|Any CPU.Build.0 = Debug|Any CPU
		{E1C969DA-940C-426B-A4CA-3710EB8F0FCB}.Release|Any CPU.ActiveCfg = Release|Any CPU
		{E1C969DA-940C-426B-A4CA-3710EB8F0FCB}.Release|Any CPU.Build.0 = Release|Any CPU
		{0159E5B8-4C0B-4DBB-8E83-98B47F850A83}.Debug|Any CPU.ActiveCfg = Debug|Any CPU
		{0159E5B8-4C0B-4DBB-8E83-98B47F850A83}.Debug|Any CPU.Build.0 = Debug|Any CPU
		{0159E5B8-4C0B-4DBB-8E83-98B47F850A83}.Release|Any CPU.ActiveCfg = Release|Any CPU
		{0159E5B8-4C0B-4DBB-8E83-98B47F850A83}.Release|Any CPU.Build.0 = Release|Any CPU
	EndGlobalSection
	GlobalSection(SolutionProperties) = preSolution
		HideSolutionNode = FALSE
	EndGlobalSection
	GlobalSection(ExtensibilityGlobals) = postSolution
		SolutionGuid = {E74B9D34-FEDF-4ED9-BBD2-E1D7D0A9334B}
	EndGlobalSection
	GlobalSection(NestedProjects) = preSolution
		{0159E5B8-4C0B-4DBB-8E83-98B47F850A83} = {FB506D93-FDFC-4AD9-ACD5-183151A09A72}
	EndGlobalSection
EndGlobal
