
Microsoft Visual Studio Solution File, Format Version 12.00
# Visual Studio Version 16
VisualStudioVersion = 16.6.30114.105
MinimumVisualStudioVersion = 10.0.40219.1
Project("{FAE04EC0-301F-11D3-BF4B-00C04F79EFBC}") = "Web", "Web\Web.csproj", "{A3B1A082-032B-4FD0-8F30-4F50D77B7F0E}"
EndProject
Project("{FAE04EC0-301F-11D3-BF4B-00C04F79EFBC}") = "Infrastructure", "Infrastructure\Infrastructure.csproj", "{97D1ACE0-1066-4CE7-A932-793B58A905D6}"
EndProject
Project("{FAE04EC0-301F-11D3-BF4B-00C04F79EFBC}") = "Domain", "Domain\Domain.csproj", "{0838C5B6-9339-47F8-BA02-96A89AD1502E}"
EndProject
Project("{FAE04EC0-301F-11D3-BF4B-00C04F79EFBC}") = "Core", "Application\Core.csproj", "{217F9895-8D29-4E2A-8408-CE8C8CEC58A9}"
EndProject
Project("{2150E333-8FDC-42A3-9474-1A3956D46DE8}") = "Tests", "Tests", "{7BECA9A0-EA0C-4C70-9484-52965C6BAD6C}"
EndProject
Project("{FAE04EC0-301F-11D3-BF4B-00C04F79EFBC}") = "Integration", "Tests\Integration\Integration.csproj", "{C960E5B8-4ED9-4DAA-B501-9BA52CAB68A9}"
EndProject
Global
	GlobalSection(SolutionConfigurationPlatforms) = preSolution
		Debug|Any CPU = Debug|Any CPU
		Debug|x64 = Debug|x64
		Debug|x86 = Debug|x86
		Release|Any CPU = Release|Any CPU
		Release|x64 = Release|x64
		Release|x86 = Release|x86
	EndGlobalSection
	GlobalSection(SolutionProperties) = preSolution
		HideSolutionNode = FALSE
	EndGlobalSection
	GlobalSection(ProjectConfigurationPlatforms) = postSolution
		{A3B1A082-032B-4FD0-8F30-4F50D77B7F0E}.Debug|Any CPU.ActiveCfg = Debug|Any CPU
		{A3B1A082-032B-4FD0-8F30-4F50D77B7F0E}.Debug|Any CPU.Build.0 = Debug|Any CPU
		{A3B1A082-032B-4FD0-8F30-4F50D77B7F0E}.Debug|x64.ActiveCfg = Debug|Any CPU
		{A3B1A082-032B-4FD0-8F30-4F50D77B7F0E}.Debug|x64.Build.0 = Debug|Any CPU
		{A3B1A082-032B-4FD0-8F30-4F50D77B7F0E}.Debug|x86.ActiveCfg = Debug|Any CPU
		{A3B1A082-032B-4FD0-8F30-4F50D77B7F0E}.Debug|x86.Build.0 = Debug|Any CPU
		{A3B1A082-032B-4FD0-8F30-4F50D77B7F0E}.Release|Any CPU.ActiveCfg = Release|Any CPU
		{A3B1A082-032B-4FD0-8F30-4F50D77B7F0E}.Release|Any CPU.Build.0 = Release|Any CPU
		{A3B1A082-032B-4FD0-8F30-4F50D77B7F0E}.Release|x64.ActiveCfg = Release|Any CPU
		{A3B1A082-032B-4FD0-8F30-4F50D77B7F0E}.Release|x64.Build.0 = Release|Any CPU
		{A3B1A082-032B-4FD0-8F30-4F50D77B7F0E}.Release|x86.ActiveCfg = Release|Any CPU
		{A3B1A082-032B-4FD0-8F30-4F50D77B7F0E}.Release|x86.Build.0 = Release|Any CPU
		{97D1ACE0-1066-4CE7-A932-793B58A905D6}.Debug|Any CPU.ActiveCfg = Debug|Any CPU
		{97D1ACE0-1066-4CE7-A932-793B58A905D6}.Debug|Any CPU.Build.0 = Debug|Any CPU
		{97D1ACE0-1066-4CE7-A932-793B58A905D6}.Debug|x64.ActiveCfg = Debug|Any CPU
		{97D1ACE0-1066-4CE7-A932-793B58A905D6}.Debug|x64.Build.0 = Debug|Any CPU
		{97D1ACE0-1066-4CE7-A932-793B58A905D6}.Debug|x86.ActiveCfg = Debug|Any CPU
		{97D1ACE0-1066-4CE7-A932-793B58A905D6}.Debug|x86.Build.0 = Debug|Any CPU
		{97D1ACE0-1066-4CE7-A932-793B58A905D6}.Release|Any CPU.ActiveCfg = Release|Any CPU
		{97D1ACE0-1066-4CE7-A932-793B58A905D6}.Release|Any CPU.Build.0 = Release|Any CPU
		{97D1ACE0-1066-4CE7-A932-793B58A905D6}.Release|x64.ActiveCfg = Release|Any CPU
		{97D1ACE0-1066-4CE7-A932-793B58A905D6}.Release|x64.Build.0 = Release|Any CPU
		{97D1ACE0-1066-4CE7-A932-793B58A905D6}.Release|x86.ActiveCfg = Release|Any CPU
		{97D1ACE0-1066-4CE7-A932-793B58A905D6}.Release|x86.Build.0 = Release|Any CPU
		{0838C5B6-9339-47F8-BA02-96A89AD1502E}.Debug|Any CPU.ActiveCfg = Debug|Any CPU
		{0838C5B6-9339-47F8-BA02-96A89AD1502E}.Debug|Any CPU.Build.0 = Debug|Any CPU
		{0838C5B6-9339-47F8-BA02-96A89AD1502E}.Debug|x64.ActiveCfg = Debug|Any CPU
		{0838C5B6-9339-47F8-BA02-96A89AD1502E}.Debug|x64.Build.0 = Debug|Any CPU
		{0838C5B6-9339-47F8-BA02-96A89AD1502E}.Debug|x86.ActiveCfg = Debug|Any CPU
		{0838C5B6-9339-47F8-BA02-96A89AD1502E}.Debug|x86.Build.0 = Debug|Any CPU
		{0838C5B6-9339-47F8-BA02-96A89AD1502E}.Release|Any CPU.ActiveCfg = Release|Any CPU
		{0838C5B6-9339-47F8-BA02-96A89AD1502E}.Release|Any CPU.Build.0 = Release|Any CPU
		{0838C5B6-9339-47F8-BA02-96A89AD1502E}.Release|x64.ActiveCfg = Release|Any CPU
		{0838C5B6-9339-47F8-BA02-96A89AD1502E}.Release|x64.Build.0 = Release|Any CPU
		{0838C5B6-9339-47F8-BA02-96A89AD1502E}.Release|x86.ActiveCfg = Release|Any CPU
		{0838C5B6-9339-47F8-BA02-96A89AD1502E}.Release|x86.Build.0 = Release|Any CPU
		{217F9895-8D29-4E2A-8408-CE8C8CEC58A9}.Debug|Any CPU.ActiveCfg = Debug|Any CPU
		{217F9895-8D29-4E2A-8408-CE8C8CEC58A9}.Debug|Any CPU.Build.0 = Debug|Any CPU
		{217F9895-8D29-4E2A-8408-CE8C8CEC58A9}.Debug|x64.ActiveCfg = Debug|Any CPU
		{217F9895-8D29-4E2A-8408-CE8C8CEC58A9}.Debug|x64.Build.0 = Debug|Any CPU
		{217F9895-8D29-4E2A-8408-CE8C8CEC58A9}.Debug|x86.ActiveCfg = Debug|Any CPU
		{217F9895-8D29-4E2A-8408-CE8C8CEC58A9}.Debug|x86.Build.0 = Debug|Any CPU
		{217F9895-8D29-4E2A-8408-CE8C8CEC58A9}.Release|Any CPU.ActiveCfg = Release|Any CPU
		{217F9895-8D29-4E2A-8408-CE8C8CEC58A9}.Release|Any CPU.Build.0 = Release|Any CPU
		{217F9895-8D29-4E2A-8408-CE8C8CEC58A9}.Release|x64.ActiveCfg = Release|Any CPU
		{217F9895-8D29-4E2A-8408-CE8C8CEC58A9}.Release|x64.Build.0 = Release|Any CPU
		{217F9895-8D29-4E2A-8408-CE8C8CEC58A9}.Release|x86.ActiveCfg = Release|Any CPU
		{217F9895-8D29-4E2A-8408-CE8C8CEC58A9}.Release|x86.Build.0 = Release|Any CPU
		{C960E5B8-4ED9-4DAA-B501-9BA52CAB68A9}.Debug|Any CPU.ActiveCfg = Debug|Any CPU
		{C960E5B8-4ED9-4DAA-B501-9BA52CAB68A9}.Debug|Any CPU.Build.0 = Debug|Any CPU
		{C960E5B8-4ED9-4DAA-B501-9BA52CAB68A9}.Debug|x64.ActiveCfg = Debug|Any CPU
		{C960E5B8-4ED9-4DAA-B501-9BA52CAB68A9}.Debug|x64.Build.0 = Debug|Any CPU
		{C960E5B8-4ED9-4DAA-B501-9BA52CAB68A9}.Debug|x86.ActiveCfg = Debug|Any CPU
		{C960E5B8-4ED9-4DAA-B501-9BA52CAB68A9}.Debug|x86.Build.0 = Debug|Any CPU
		{C960E5B8-4ED9-4DAA-B501-9BA52CAB68A9}.Release|Any CPU.ActiveCfg = Release|Any CPU
		{C960E5B8-4ED9-4DAA-B501-9BA52CAB68A9}.Release|Any CPU.Build.0 = Release|Any CPU
		{C960E5B8-4ED9-4DAA-B501-9BA52CAB68A9}.Release|x64.ActiveCfg = Release|Any CPU
		{C960E5B8-4ED9-4DAA-B501-9BA52CAB68A9}.Release|x64.Build.0 = Release|Any CPU
		{C960E5B8-4ED9-4DAA-B501-9BA52CAB68A9}.Release|x86.ActiveCfg = Release|Any CPU
		{C960E5B8-4ED9-4DAA-B501-9BA52CAB68A9}.Release|x86.Build.0 = Release|Any CPU
	EndGlobalSection
	GlobalSection(NestedProjects) = preSolution
		{C960E5B8-4ED9-4DAA-B501-9BA52CAB68A9} = {7BECA9A0-EA0C-4C70-9484-52965C6BAD6C}
	EndGlobalSection
EndGlobal
